
Microsoft Visual Studio Solution File, Format Version 9.00
# Visual Studio 2005
Project("{8BC9CEB8-8B4A-11D0-8D11-00A0C91BC942}") = "ImageLib", "ImageLib\ImageLib.vcproj", "{1CEF8DD3-861C-40F4-B0CC-BDC72DF0EF78}"
EndProject
Project("{8BC9CEB8-8B4A-11D0-8D11-00A0C91BC942}") = "CmdIOLib", "CmdIOLib\CmdIOLib.vcproj", "{A2450FE3-BFEE-487C-B97F-4EBE7F6880C0}"
EndProject
Project("{8BC9CEB8-8B4A-11D0-8D11-00A0C91BC942}") = "RefCntMem", "RefCntMem\RefCntMem.vcproj", "{8E726381-EE20-4175-A7A3-EE00B19CD24B}"
EndProject
Project("{8BC9CEB8-8B4A-11D0-8D11-00A0C91BC942}") = "PixmapLib", "PixmapLib\PixmapLib.vcproj", "{D2844AAC-308F-44A5-A7CE-B6A9F278510C}"
EndProject
Project("{8BC9CEB8-8B4A-11D0-8D11-00A0C91BC942}") = "BitmapLib", "BitmapLib\BitmapLib.vcproj", "{EF01DD70-C2F7-46F4-BDC9-FCB70D16C9FA}"
EndProject
Project("{8BC9CEB8-8B4A-11D0-8D11-00A0C91BC942}") = "MatrixLib", "MatrixLib\MatrixLib.vcproj", "{85912F9D-DCCE-4314-9D53-FD46D6D0C404}"
EndProject
Project("{8BC9CEB8-8B4A-11D0-8D11-00A0C91BC942}") = "deconv", "deconv\deconv.vcproj", "{A87EE233-7E7C-4925-B8DE-E582EA756EAE}"
	ProjectSection(ProjectDependencies) = postProject
		{EF01DD70-C2F7-46F4-BDC9-FCB70D16C9FA} = {EF01DD70-C2F7-46F4-BDC9-FCB70D16C9FA}
		{D2844AAC-308F-44A5-A7CE-B6A9F278510C} = {D2844AAC-308F-44A5-A7CE-B6A9F278510C}
		{1CEF8DD3-861C-40F4-B0CC-BDC72DF0EF78} = {1CEF8DD3-861C-40F4-B0CC-BDC72DF0EF78}
		{A2450FE3-BFEE-487C-B97F-4EBE7F6880C0} = {A2450FE3-BFEE-487C-B97F-4EBE7F6880C0}
	EndProjectSection
EndProject
Global
	GlobalSection(SolutionConfigurationPlatforms) = preSolution
		Debug|Win32 = Debug|Win32
		Release|Win32 = Release|Win32
	EndGlobalSection
	GlobalSection(ProjectConfigurationPlatforms) = postSolution
		{1CEF8DD3-861C-40F4-B0CC-BDC72DF0EF78}.Debug|Win32.ActiveCfg = Debug|Win32
		{1CEF8DD3-861C-40F4-B0CC-BDC72DF0EF78}.Debug|Win32.Build.0 = Debug|Win32
		{1CEF8DD3-861C-40F4-B0CC-BDC72DF0EF78}.Release|Win32.ActiveCfg = Release|Win32
		{1CEF8DD3-861C-40F4-B0CC-BDC72DF0EF78}.Release|Win32.Build.0 = Release|Win32
		{A2450FE3-BFEE-487C-B97F-4EBE7F6880C0}.Debug|Win32.ActiveCfg = Debug|Win32
		{A2450FE3-BFEE-487C-B97F-4EBE7F6880C0}.Debug|Win32.Build.0 = Debug|Win32
		{A2450FE3-BFEE-487C-B97F-4EBE7F6880C0}.Release|Win32.ActiveCfg = Release|Win32
		{A2450FE3-BFEE-487C-B97F-4EBE7F6880C0}.Release|Win32.Build.0 = Release|Win32
		{8E726381-EE20-4175-A7A3-EE00B19CD24B}.Debug|Win32.ActiveCfg = Debug|Win32
		{8E726381-EE20-4175-A7A3-EE00B19CD24B}.Debug|Win32.Build.0 = Debug|Win32
		{8E726381-EE20-4175-A7A3-EE00B19CD24B}.Release|Win32.ActiveCfg = Release|Win32
		{8E726381-EE20-4175-A7A3-EE00B19CD24B}.Release|Win32.Build.0 = Release|Win32
		{D2844AAC-308F-44A5-A7CE-B6A9F278510C}.Debug|Win32.ActiveCfg = Debug|Win32
		{D2844AAC-308F-44A5-A7CE-B6A9F278510C}.Debug|Win32.Build.0 = Debug|Win32
		{D2844AAC-308F-44A5-A7CE-B6A9F278510C}.Release|Win32.ActiveCfg = Release|Win32
		{D2844AAC-308F-44A5-A7CE-B6A9F278510C}.Release|Win32.Build.0 = Release|Win32
		{EF01DD70-C2F7-46F4-BDC9-FCB70D16C9FA}.Debug|Win32.ActiveCfg = Debug|Win32
		{EF01DD70-C2F7-46F4-BDC9-FCB70D16C9FA}.Debug|Win32.Build.0 = Debug|Win32
		{EF01DD70-C2F7-46F4-BDC9-FCB70D16C9FA}.Release|Win32.ActiveCfg = Release|Win32
		{EF01DD70-C2F7-46F4-BDC9-FCB70D16C9FA}.Release|Win32.Build.0 = Release|Win32
		{85912F9D-DCCE-4314-9D53-FD46D6D0C404}.Debug|Win32.ActiveCfg = Debug|Win32
		{85912F9D-DCCE-4314-9D53-FD46D6D0C404}.Debug|Win32.Build.0 = Debug|Win32
		{85912F9D-DCCE-4314-9D53-FD46D6D0C404}.Release|Win32.ActiveCfg = Release|Win32
		{85912F9D-DCCE-4314-9D53-FD46D6D0C404}.Release|Win32.Build.0 = Release|Win32
		{A87EE233-7E7C-4925-B8DE-E582EA756EAE}.Debug|Win32.ActiveCfg = Debug|Win32
		{A87EE233-7E7C-4925-B8DE-E582EA756EAE}.Debug|Win32.Build.0 = Debug|Win32
		{A87EE233-7E7C-4925-B8DE-E582EA756EAE}.Release|Win32.ActiveCfg = Release|Win32
		{A87EE233-7E7C-4925-B8DE-E582EA756EAE}.Release|Win32.Build.0 = Release|Win32
	EndGlobalSection
	GlobalSection(SolutionProperties) = preSolution
		HideSolutionNode = FALSE
	EndGlobalSection
EndGlobal
